
Microsoft Visual Studio Solution File, Format Version 12.00
# Visual Studio Version 16
VisualStudioVersion = 16.0.31613.86
MinimumVisualStudioVersion = 10.0.40219.1
Project("{FAE04EC0-301F-11D3-BF4B-00C04F79EFBC}") = "DataServer", "DataServer\DataServer.csproj", "{2D135E54-292B-4353-97BB-28879C06F6F2}"
EndProject
Global
	GlobalSection(SolutionConfigurationPlatforms) = preSolution
		Debug|Any CPU = Debug|Any CPU
		Release|Any CPU = Release|Any CPU
	EndGlobalSection
	GlobalSection(ProjectConfigurationPlatforms) = postSolution
		{2D135E54-292B-4353-97BB-28879C06F6F2}.Debug|Any CPU.ActiveCfg = Debug|Any CPU
		{2D135E54-292B-4353-97BB-28879C06F6F2}.Debug|Any CPU.Build.0 = Debug|Any CPU
		{2D135E54-292B-4353-97BB-28879C06F6F2}.Release|Any CPU.ActiveCfg = Release|Any CPU
		{2D135E54-292B-4353-97BB-28879C06F6F2}.Release|Any CPU.Build.0 = Release|Any CPU
	EndGlobalSection
	GlobalSection(SolutionProperties) = preSolution
		HideSolutionNode = FALSE
	EndGlobalSection
	GlobalSection(ExtensibilityGlobals) = postSolution
		SolutionGuid = {F92BB7CF-0BA0-43AB-909C-78DFEC830B3B}
	EndGlobalSection
EndGlobal
